
Microsoft Visual Studio Solution File, Format Version 12.00
# Visual Studio 2013
VisualStudioVersion = 12.0.31101.0
MinimumVisualStudioVersion = 10.0.40219.1
Project("{2150E333-8FDC-42A3-9474-1A3956D46DE8}") = "Domain", "Domain", "{4DA27CB2-7F62-4582-B722-82D35CB1EEEF}"
EndProject
Project("{2150E333-8FDC-42A3-9474-1A3956D46DE8}") = "Presentation", "Presentation", "{D78802FD-7C78-474C-9594-F0D2F61EB1A9}"
EndProject
Project("{2150E333-8FDC-42A3-9474-1A3956D46DE8}") = "Infrastructure", "Infrastructure", "{26F8F2F7-25F8-475F-8D61-DD64F936DCB0}"
EndProject
Project("{2150E333-8FDC-42A3-9474-1A3956D46DE8}") = "Application", "Application", "{47FC9D0E-134C-4FBB-AB2B-2E47E0917557}"
EndProject
Project("{2150E333-8FDC-42A3-9474-1A3956D46DE8}") = "Services", "Services", "{DEA5272A-2A07-49F6-8B1F-1D3978CF43C6}"
	ProjectSection(SolutionItems) = preProject
		DDD.Domain\Class1.cs = DDD.Domain\Class1.cs
	EndProjectSection
EndProject
Project("{2150E333-8FDC-42A3-9474-1A3956D46DE8}") = "CrossCutting", "CrossCutting", "{015268FA-0D1E-44B3-835E-42B211A89E18}"
EndProject
Project("{2150E333-8FDC-42A3-9474-1A3956D46DE8}") = "Data", "Data", "{544DBE05-F3D3-40B1-97F4-4655D62D24EF}"
EndProject
Project("{FAE04EC0-301F-11D3-BF4B-00C04F79EFBC}") = "DDD.Domain", "DDD.Domain\DDD.Domain.csproj", "{B935B6A3-AD2F-4C2C-9160-E0025A229829}"
EndProject
Project("{FAE04EC0-301F-11D3-BF4B-00C04F79EFBC}") = "DDD.infra.data", "DDD.infra.data\DDD.infra.data.csproj", "{7FA5752C-F0CD-47F9-B490-E28FD6A8B394}"
EndProject
Project("{FAE04EC0-301F-11D3-BF4B-00C04F79EFBC}") = "DDD.Ioc", "DDD.Ioc\DDD.Ioc.csproj", "{0E94EB7A-BE54-415A-8381-A3E6CAEC489E}"
EndProject
Project("{FAE04EC0-301F-11D3-BF4B-00C04F79EFBC}") = "DDD.Application", "DDD.Application\DDD.Application.csproj", "{6ACB1555-DF54-4620-97FD-3277EA752DC3}"
EndProject
Project("{FAE04EC0-301F-11D3-BF4B-00C04F79EFBC}") = "ProjetDDD.MVC", "ProjetDDD.MVC\ProjetDDD.MVC.csproj", "{EBD46AAE-CCB5-4A0C-970B-E700A584EFFC}"
EndProject
Global
	GlobalSection(SolutionConfigurationPlatforms) = preSolution
		Debug|Any CPU = Debug|Any CPU
		Release|Any CPU = Release|Any CPU
	EndGlobalSection
	GlobalSection(ProjectConfigurationPlatforms) = postSolution
		{B935B6A3-AD2F-4C2C-9160-E0025A229829}.Debug|Any CPU.ActiveCfg = Debug|Any CPU
		{B935B6A3-AD2F-4C2C-9160-E0025A229829}.Debug|Any CPU.Build.0 = Debug|Any CPU
		{B935B6A3-AD2F-4C2C-9160-E0025A229829}.Release|Any CPU.ActiveCfg = Release|Any CPU
		{B935B6A3-AD2F-4C2C-9160-E0025A229829}.Release|Any CPU.Build.0 = Release|Any CPU
		{7FA5752C-F0CD-47F9-B490-E28FD6A8B394}.Debug|Any CPU.ActiveCfg = Debug|Any CPU
		{7FA5752C-F0CD-47F9-B490-E28FD6A8B394}.Debug|Any CPU.Build.0 = Debug|Any CPU
		{7FA5752C-F0CD-47F9-B490-E28FD6A8B394}.Debug|Any CPU.Deploy.0 = Debug|Any CPU
		{7FA5752C-F0CD-47F9-B490-E28FD6A8B394}.Release|Any CPU.ActiveCfg = Release|Any CPU
		{7FA5752C-F0CD-47F9-B490-E28FD6A8B394}.Release|Any CPU.Build.0 = Release|Any CPU
		{0E94EB7A-BE54-415A-8381-A3E6CAEC489E}.Debug|Any CPU.ActiveCfg = Debug|Any CPU
		{0E94EB7A-BE54-415A-8381-A3E6CAEC489E}.Debug|Any CPU.Build.0 = Debug|Any CPU
		{0E94EB7A-BE54-415A-8381-A3E6CAEC489E}.Release|Any CPU.ActiveCfg = Release|Any CPU
		{0E94EB7A-BE54-415A-8381-A3E6CAEC489E}.Release|Any CPU.Build.0 = Release|Any CPU
		{6ACB1555-DF54-4620-97FD-3277EA752DC3}.Debug|Any CPU.ActiveCfg = Debug|Any CPU
		{6ACB1555-DF54-4620-97FD-3277EA752DC3}.Debug|Any CPU.Build.0 = Debug|Any CPU
		{6ACB1555-DF54-4620-97FD-3277EA752DC3}.Release|Any CPU.ActiveCfg = Release|Any CPU
		{6ACB1555-DF54-4620-97FD-3277EA752DC3}.Release|Any CPU.Build.0 = Release|Any CPU
		{EBD46AAE-CCB5-4A0C-970B-E700A584EFFC}.Debug|Any CPU.ActiveCfg = Debug|Any CPU
		{EBD46AAE-CCB5-4A0C-970B-E700A584EFFC}.Debug|Any CPU.Build.0 = Debug|Any CPU
		{EBD46AAE-CCB5-4A0C-970B-E700A584EFFC}.Release|Any CPU.ActiveCfg = Release|Any CPU
		{EBD46AAE-CCB5-4A0C-970B-E700A584EFFC}.Release|Any CPU.Build.0 = Release|Any CPU
	EndGlobalSection
	GlobalSection(SolutionProperties) = preSolution
		HideSolutionNode = FALSE
	EndGlobalSection
	GlobalSection(NestedProjects) = preSolution
		{015268FA-0D1E-44B3-835E-42B211A89E18} = {26F8F2F7-25F8-475F-8D61-DD64F936DCB0}
		{544DBE05-F3D3-40B1-97F4-4655D62D24EF} = {26F8F2F7-25F8-475F-8D61-DD64F936DCB0}
		{B935B6A3-AD2F-4C2C-9160-E0025A229829} = {4DA27CB2-7F62-4582-B722-82D35CB1EEEF}
		{7FA5752C-F0CD-47F9-B490-E28FD6A8B394} = {544DBE05-F3D3-40B1-97F4-4655D62D24EF}
		{0E94EB7A-BE54-415A-8381-A3E6CAEC489E} = {015268FA-0D1E-44B3-835E-42B211A89E18}
		{6ACB1555-DF54-4620-97FD-3277EA752DC3} = {47FC9D0E-134C-4FBB-AB2B-2E47E0917557}
		{EBD46AAE-CCB5-4A0C-970B-E700A584EFFC} = {D78802FD-7C78-474C-9594-F0D2F61EB1A9}
	EndGlobalSection
EndGlobal
